
Microsoft Visual Studio Solution File, Format Version 12.00
# Visual Studio Version 17
VisualStudioVersion = 17.11.35327.3
MinimumVisualStudioVersion = 10.0.40219.1
Project("{FAE04EC0-301F-11D3-BF4B-00C04F79EFBC}") = "BankManagementSystem", "BankManagementSystem\BankManagementSystem.csproj", "{DA0FEA3B-08E1-4D4E-9DE3-E3C43BA56822}"
EndProject
Global
	GlobalSection(SolutionConfigurationPlatforms) = preSolution
		Debug|Any CPU = Debug|Any CPU
		Release|Any CPU = Release|Any CPU
	EndGlobalSection
	GlobalSection(ProjectConfigurationPlatforms) = postSolution
		{DA0FEA3B-08E1-4D4E-9DE3-E3C43BA56822}.Debug|Any CPU.ActiveCfg = Debug|Any CPU
		{DA0FEA3B-08E1-4D4E-9DE3-E3C43BA56822}.Debug|Any CPU.Build.0 = Debug|Any CPU
		{DA0FEA3B-08E1-4D4E-9DE3-E3C43BA56822}.Release|Any CPU.ActiveCfg = Release|Any CPU
		{DA0FEA3B-08E1-4D4E-9DE3-E3C43BA56822}.Release|Any CPU.Build.0 = Release|Any CPU
	EndGlobalSection
	GlobalSection(SolutionProperties) = preSolution
		HideSolutionNode = FALSE
	EndGlobalSection
	GlobalSection(ExtensibilityGlobals) = postSolution
		SolutionGuid = {3B86E134-6D87-4DA4-B22E-3BF7A7F8DA5A}
	EndGlobalSection
EndGlobal
